<?xml version="1.0" encoding="utf-8"?>
<Project ToolsVersion="4.0" xmlns="http://schemas.microsoft.com/developer/msbuild/2003">
  <ItemGroup>
    <Filter Include="Fichiers sources">
      <UniqueIdentifier>{4FC737F1-C7A5-4376-A066-2A32D752A2FF}</UniqueIdentifier>
      <Extensions>cpp;c;cc;cxx;c++;cppm;ixx;def;odl;idl;hpj;bat;asm;asmx</Extensions>
    </Filter>
    <Filter Include="Fichiers d%27en-tête">
      <UniqueIdentifier>{93995380-89BD-4b04-88EB-625FBE52EBFB}</UniqueIdentifier>
      <Extensions>h;hh;hpp;hxx;h++;hm;inl;inc;ipp;xsd</Extensions>
    </Filter>
    <Filter Include="Fichiers de ressources">
      <UniqueIdentifier>{67DA6AB6-F800-4c08-8B7A-83BB121AAD01}</UniqueIdentifier>
      <Extensions>rc;ico;cur;bmp;dlg;rc2;rct;bin;rgs;gif;jpg;jpeg;jpe;resx;tiff;tif;png;wav;mfcribbon-ms</Extensions>
    </Filter>
    <Filter Include="Fichiers de Mappage">
      <UniqueIdentifier>{a150536c-845a-4b85-ae7c-551515d60133}</UniqueIdentifier>
    </Filter>
    <Filter Include="Fichiers de Mappage\Fichiers d%27en-tête">
      <UniqueIdentifier>{cfff3e93-24bc-424c-ae48-8a1e96c020e0}</UniqueIdentifier>
    </Filter>
    <Filter Include="Fichiers de Mappage\Fichiers sources">
      <UniqueIdentifier>{2e5452da-554f-4e8d-8c07-5997c4e17fd0}</UniqueIdentifier>
    </Filter>
  </ItemGroup>
  <ItemGroup>
    <ClCompile Include="CustomerForm.cpp">
      <Filter>Fichiers sources</Filter>
    </ClCompile>
    <ClCompile Include="CustomerAddForm.cpp">
      <Filter>Fichiers sources</Filter>
    </ClCompile>
    <ClCompile Include="AddressAddForm.cpp">
      <Filter>Fichiers sources</Filter>
    </ClCompile>
    <ClCompile Include="MyForm.cpp">
      <Filter>Fichiers sources</Filter>
    </ClCompile>
    <ClCompile Include="People.cpp">
      <Filter>Fichiers de Mappage\Fichiers sources</Filter>
    </ClCompile>
    <ClCompile Include="DbConnect.cpp">
      <Filter>Fichiers de Mappage\Fichiers sources</Filter>
    </ClCompile>
    <ClCompile Include="Address.cpp">
      <Filter>Fichiers de Mappage\Fichiers sources</Filter>
    </ClCompile>
  </ItemGroup>
  <ItemGroup>
    <ClInclude Include="CustomerForm.h">
      <Filter>Fichiers d%27en-tête</Filter>
    </ClInclude>
    <ClInclude Include="CustomerAddForm.h">
      <Filter>Fichiers d%27en-tête</Filter>
    </ClInclude>
    <ClInclude Include="AddressAddForm.h">
      <Filter>Fichiers d%27en-tête</Filter>
    </ClInclude>
    <ClInclude Include="MyForm.h">
      <Filter>Fichiers d%27en-tête</Filter>
    </ClInclude>
    <ClInclude Include="People.h">
      <Filter>Fichiers de Mappage\Fichiers d%27en-tête</Filter>
    </ClInclude>
    <ClInclude Include="DbConnect.h">
      <Filter>Fichiers de Mappage\Fichiers d%27en-tête</Filter>
    </ClInclude>
    <ClInclude Include="Address.h">
      <Filter>Fichiers de Mappage\Fichiers d%27en-tête</Filter>
    </ClInclude>
  </ItemGroup>
</Project>